// !$*UTF8*$!
{
	archiveVersion = 1;
	classes = {
	};
	objectVersion = 56;
	objects = {

/* Begin PBXBuildFile section */
		E5A5EA8F2A07A8A200ADDB08 /* Import.swift in Sources */ = {isa = PBXBuildFile; fileRef = E5A5EA8E2A07A8A200ADDB08 /* Import.swift */; };
		E5A5EA912A07B3AB00ADDB08 /* Files.swift in Sources */ = {isa = PBXBuildFile; fileRef = E5A5EA902A07B3AB00ADDB08 /* Files.swift */; };
		E5B06C992A0DFE0700E59CC3 /* TableViewCell.swift in Sources */ = {isa = PBXBuildFile; fileRef = E5B06C972A0DFE0700E59CC3 /* TableViewCell.swift */; };
		E5B06C9A2A0DFE0700E59CC3 /* TableViewCell.xib in Resources */ = {isa = PBXBuildFile; fileRef = E5B06C982A0DFE0700E59CC3 /* TableViewCell.xib */; };
		E5B156322A1D185100AFDBD7 /* AVFoundation.framework in Frameworks */ = {isa = PBXBuildFile; fileRef = E57F13AD2A1C5B2E00E092B3 /* AVFoundation.framework */; };
		E5B156342A1D187C00AFDBD7 /* UIKit.framework in Frameworks */ = {isa = PBXBuildFile; fileRef = E5B156332A1D187C00AFDBD7 /* UIKit.framework */; };
		E5B156362A1D189500AFDBD7 /* MobileCoreServices.framework in Frameworks */ = {isa = PBXBuildFile; fileRef = E5B156352A1D189500AFDBD7 /* MobileCoreServices.framework */; };
		E5B156382A1D18B900AFDBD7 /* AVKit.framework in Frameworks */ = {isa = PBXBuildFile; fileRef = E5B156372A1D18B900AFDBD7 /* AVKit.framework */; };
		E5B6EF402A023D1C003C2D78 /* AppDelegate.swift in Sources */ = {isa = PBXBuildFile; fileRef = E5B6EF3F2A023D1C003C2D78 /* AppDelegate.swift */; };
		E5B6EF422A023D1C003C2D78 /* SceneDelegate.swift in Sources */ = {isa = PBXBuildFile; fileRef = E5B6EF412A023D1C003C2D78 /* SceneDelegate.swift */; };
		E5B6EF472A023D1C003C2D78 /* Main.storyboard in Resources */ = {isa = PBXBuildFile; fileRef = E5B6EF452A023D1C003C2D78 /* Main.storyboard */; };
		E5B6EF4C2A023D1E003C2D78 /* LaunchScreen.storyboard in Resources */ = {isa = PBXBuildFile; fileRef = E5B6EF4A2A023D1E003C2D78 /* LaunchScreen.storyboard */; };
		E5C50BA82A1B4B050006B9F4 /* Media.xcassets in Resources */ = {isa = PBXBuildFile; fileRef = E5C50BA72A1B4B050006B9F4 /* Media.xcassets */; };
		E5C50BAA2A1B64D70006B9F4 /* Album.swift in Sources */ = {isa = PBXBuildFile; fileRef = E5C50BA92A1B64D70006B9F4 /* Album.swift */; };
		E5C50BAD2A1B742E0006B9F4 /* TableViewCell_Album.swift in Sources */ = {isa = PBXBuildFile; fileRef = E5C50BAB2A1B742E0006B9F4 /* TableViewCell_Album.swift */; };
		E5C50BAE2A1B742E0006B9F4 /* TableViewCell_Album.xib in Resources */ = {isa = PBXBuildFile; fileRef = E5C50BAC2A1B742E0006B9F4 /* TableViewCell_Album.xib */; };
/* End PBXBuildFile section */

/* Begin PBXFileReference section */
		E57F13AD2A1C5B2E00E092B3 /* AVFoundation.framework */ = {isa = PBXFileReference; lastKnownFileType = wrapper.framework; name = AVFoundation.framework; path = System/Library/Frameworks/AVFoundation.framework; sourceTree = SDKROOT; };
		E5A5EA8E2A07A8A200ADDB08 /* Import.swift */ = {isa = PBXFileReference; lastKnownFileType = sourcecode.swift; path = Import.swift; sourceTree = "<group>"; };
		E5A5EA902A07B3AB00ADDB08 /* Files.swift */ = {isa = PBXFileReference; lastKnownFileType = sourcecode.swift; path = Files.swift; sourceTree = "<group>"; };
		E5B06C972A0DFE0700E59CC3 /* TableViewCell.swift */ = {isa = PBXFileReference; lastKnownFileType = sourcecode.swift; path = TableViewCell.swift; sourceTree = "<group>"; };
		E5B06C982A0DFE0700E59CC3 /* TableViewCell.xib */ = {isa = PBXFileReference; lastKnownFileType = file.xib; path = TableViewCell.xib; sourceTree = "<group>"; };
		E5B156332A1D187C00AFDBD7 /* UIKit.framework */ = {isa = PBXFileReference; lastKnownFileType = wrapper.framework; name = UIKit.framework; path = System/Library/Frameworks/UIKit.framework; sourceTree = SDKROOT; };
		E5B156352A1D189500AFDBD7 /* MobileCoreServices.framework */ = {isa = PBXFileReference; lastKnownFileType = wrapper.framework; name = MobileCoreServices.framework; path = System/Library/Frameworks/MobileCoreServices.framework; sourceTree = SDKROOT; };
		E5B156372A1D18B900AFDBD7 /* AVKit.framework */ = {isa = PBXFileReference; lastKnownFileType = wrapper.framework; name = AVKit.framework; path = System/Library/Frameworks/AVKit.framework; sourceTree = SDKROOT; };
		E5B6EF3C2A023D1C003C2D78 /* test2.app */ = {isa = PBXFileReference; explicitFileType = wrapper.application; includeInIndex = 0; path = test2.app; sourceTree = BUILT_PRODUCTS_DIR; };
		E5B6EF3F2A023D1C003C2D78 /* AppDelegate.swift */ = {isa = PBXFileReference; lastKnownFileType = sourcecode.swift; path = AppDelegate.swift; sourceTree = "<group>"; };
		E5B6EF412A023D1C003C2D78 /* SceneDelegate.swift */ = {isa = PBXFileReference; lastKnownFileType = sourcecode.swift; path = SceneDelegate.swift; sourceTree = "<group>"; };
		E5B6EF462A023D1C003C2D78 /* Base */ = {isa = PBXFileReference; lastKnownFileType = file.storyboard; name = Base; path = Base.lproj/Main.storyboard; sourceTree = "<group>"; };
		E5B6EF4B2A023D1E003C2D78 /* Base */ = {isa = PBXFileReference; lastKnownFileType = file.storyboard; name = Base; path = Base.lproj/LaunchScreen.storyboard; sourceTree = "<group>"; };
		E5B6EF4D2A023D1E003C2D78 /* Info.plist */ = {isa = PBXFileReference; lastKnownFileType = text.plist.xml; path = Info.plist; sourceTree = "<group>"; };
		E5C50BA72A1B4B050006B9F4 /* Media.xcassets */ = {isa = PBXFileReference; lastKnownFileType = folder.assetcatalog; name = Media.xcassets; path = ../../../Documents/test5/test2/test2/Media.xcassets; sourceTree = "<group>"; };
		E5C50BA92A1B64D70006B9F4 /* Album.swift */ = {isa = PBXFileReference; lastKnownFileType = sourcecode.swift; path = Album.swift; sourceTree = "<group>"; };
		E5C50BAB2A1B742E0006B9F4 /* TableViewCell_Album.swift */ = {isa = PBXFileReference; lastKnownFileType = sourcecode.swift; path = TableViewCell_Album.swift; sourceTree = "<group>"; };
		E5C50BAC2A1B742E0006B9F4 /* TableViewCell_Album.xib */ = {isa = PBXFileReference; lastKnownFileType = file.xib; path = TableViewCell_Album.xib; sourceTree = "<group>"; };
/* End PBXFileReference section */

/* Begin PBXFrameworksBuildPhase section */
		E5B6EF392A023D1C003C2D78 /* Frameworks */ = {
			isa = PBXFrameworksBuildPhase;
			buildActionMask = 2147483647;
			files = (
				E5B156382A1D18B900AFDBD7 /* AVKit.framework in Frameworks */,
				E5B156362A1D189500AFDBD7 /* MobileCoreServices.framework in Frameworks */,
				E5B156342A1D187C00AFDBD7 /* UIKit.framework in Frameworks */,
				E5B156322A1D185100AFDBD7 /* AVFoundation.framework in Frameworks */,
			);
			runOnlyForDeploymentPostprocessing = 0;
		};
/* End PBXFrameworksBuildPhase section */

/* Begin PBXGroup section */
		E57F13AC2A1C5B2E00E092B3 /* Frameworks */ = {
			isa = PBXGroup;
			children = (
				E5B156372A1D18B900AFDBD7 /* AVKit.framework */,
				E5B156352A1D189500AFDBD7 /* MobileCoreServices.framework */,
				E5B156332A1D187C00AFDBD7 /* UIKit.framework */,
				E57F13AD2A1C5B2E00E092B3 /* AVFoundation.framework */,
			);
			name = Frameworks;
			sourceTree = "<group>";
		};
		E5B6EF332A023D1C003C2D78 = {
			isa = PBXGroup;
			children = (
				E5B6EF3E2A023D1C003C2D78 /* test2 */,
				E5B6EF3D2A023D1C003C2D78 /* Products */,
				E57F13AC2A1C5B2E00E092B3 /* Frameworks */,
			);
			sourceTree = "<group>";
		};
		E5B6EF3D2A023D1C003C2D78 /* Products */ = {
			isa = PBXGroup;
			children = (
				E5B6EF3C2A023D1C003C2D78 /* test2.app */,
			);
			name = Products;
			sourceTree = "<group>";
		};
		E5B6EF3E2A023D1C003C2D78 /* test2 */ = {
			isa = PBXGroup;
			children = (
				E5B6EF3F2A023D1C003C2D78 /* AppDelegate.swift */,
				E5B6EF412A023D1C003C2D78 /* SceneDelegate.swift */,
				E5A5EA8E2A07A8A200ADDB08 /* Import.swift */,
				E5A5EA902A07B3AB00ADDB08 /* Files.swift */,
				E5C50BA92A1B64D70006B9F4 /* Album.swift */,
				E5C50BA72A1B4B050006B9F4 /* Media.xcassets */,
				E5B6EF452A023D1C003C2D78 /* Main.storyboard */,
				E5B6EF4A2A023D1E003C2D78 /* LaunchScreen.storyboard */,
				E5B6EF4D2A023D1E003C2D78 /* Info.plist */,
				E5B06C972A0DFE0700E59CC3 /* TableViewCell.swift */,
				E5B06C982A0DFE0700E59CC3 /* TableViewCell.xib */,
				E5C50BAB2A1B742E0006B9F4 /* TableViewCell_Album.swift */,
				E5C50BAC2A1B742E0006B9F4 /* TableViewCell_Album.xib */,
			);
			path = test2;
			sourceTree = "<group>";
		};
/* End PBXGroup section */

/* Begin PBXNativeTarget section */
		E5B6EF3B2A023D1C003C2D78 /* test2 */ = {
			isa = PBXNativeTarget;
			buildConfigurationList = E5B6EF502A023D1E003C2D78 /* Build configuration list for PBXNativeTarget "test2" */;
			buildPhases = (
				E5B6EF382A023D1C003C2D78 /* Sources */,
				E5B6EF392A023D1C003C2D78 /* Frameworks */,
				E5B6EF3A2A023D1C003C2D78 /* Resources */,
			);
			buildRules = (
			);
			dependencies = (
			);
			name = test2;
			productName = test2;
			productReference = E5B6EF3C2A023D1C003C2D78 /* test2.app */;
			productType = "com.apple.product-type.application";
		};
/* End PBXNativeTarget section */

/* Begin PBXProject section */
		E5B6EF342A023D1C003C2D78 /* Project object */ = {
			isa = PBXProject;
			attributes = {
				BuildIndependentTargetsInParallel = 1;
				LastSwiftUpdateCheck = 1430;
				LastUpgradeCheck = 1430;
				TargetAttributes = {
					E5B6EF3B2A023D1C003C2D78 = {
						CreatedOnToolsVersion = 14.3;
					};
				};
			};
			buildConfigurationList = E5B6EF372A023D1C003C2D78 /* Build configuration list for PBXProject "test2" */;
			compatibilityVersion = "Xcode 14.0";
			developmentRegion = en;
			hasScannedForEncodings = 0;
			knownRegions = (
				en,
				Base,
			);
			mainGroup = E5B6EF332A023D1C003C2D78;
			productRefGroup = E5B6EF3D2A023D1C003C2D78 /* Products */;
			projectDirPath = "";
			projectRoot = "";
			targets = (
				E5B6EF3B2A023D1C003C2D78 /* test2 */,
			);
		};
/* End PBXProject section */

/* Begin PBXResourcesBuildPhase section */
		E5B6EF3A2A023D1C003C2D78 /* Resources */ = {
			isa = PBXResourcesBuildPhase;
			buildActionMask = 2147483647;
			files = (
				E5B6EF4C2A023D1E003C2D78 /* LaunchScreen.storyboard in Resources */,
				E5C50BAE2A1B742E0006B9F4 /* TableViewCell_Album.xib in Resources */,
				E5B06C9A2A0DFE0700E59CC3 /* TableViewCell.xib in Resources */,
				E5C50BA82A1B4B050006B9F4 /* Media.xcassets in Resources */,
				E5B6EF472A023D1C003C2D78 /* Main.storyboard in Resources */,
			);
			runOnlyForDeploymentPostprocessing = 0;
		};
/* End PBXResourcesBuildPhase section */

/* Begin PBXSourcesBuildPhase section */
		E5B6EF382A023D1C003C2D78 /* Sources */ = {
			isa = PBXSourcesBuildPhase;
			buildActionMask = 2147483647;
			files = (
				E5B06C992A0DFE0700E59CC3 /* TableViewCell.swift in Sources */,
				E5A5EA8F2A07A8A200ADDB08 /* Import.swift in Sources */,
				E5A5EA912A07B3AB00ADDB08 /* Files.swift in Sources */,
				E5B6EF402A023D1C003C2D78 /* AppDelegate.swift in Sources */,
				E5B6EF422A023D1C003C2D78 /* SceneDelegate.swift in Sources */,
				E5C50BAD2A1B742E0006B9F4 /* TableViewCell_Album.swift in Sources */,
				E5C50BAA2A1B64D70006B9F4 /* Album.swift in Sources */,
			);
			runOnlyForDeploymentPostprocessing = 0;
		};
/* End PBXSourcesBuildPhase section */

/* Begin PBXVariantGroup section */
		E5B6EF452A023D1C003C2D78 /* Main.storyboard */ = {
			isa = PBXVariantGroup;
			children = (
				E5B6EF462A023D1C003C2D78 /* Base */,
			);
			name = Main.storyboard;
			sourceTree = "<group>";
		};
		E5B6EF4A2A023D1E003C2D78 /* LaunchScreen.storyboard */ = {
			isa = PBXVariantGroup;
			children = (
				E5B6EF4B2A023D1E003C2D78 /* Base */,
			);
			name = LaunchScreen.storyboard;
			sourceTree = "<group>";
		};
/* End PBXVariantGroup section */

/* Begin XCBuildConfiguration section */
		E5B6EF4E2A023D1E003C2D78 /* Debug */ = {
			isa = XCBuildConfiguration;
			buildSettings = {
				ALWAYS_SEARCH_USER_PATHS = NO;
				CLANG_ANALYZER_NONNULL = YES;
				CLANG_ANALYZER_NUMBER_OBJECT_CONVERSION = YES_AGGRESSIVE;
				CLANG_CXX_LANGUAGE_STANDARD = "gnu++20";
				CLANG_ENABLE_MODULES = YES;
				CLANG_ENABLE_OBJC_ARC = YES;
				CLANG_ENABLE_OBJC_WEAK = YES;
				CLANG_WARN_BLOCK_CAPTURE_AUTORELEASING = YES;
				CLANG_WARN_BOOL_CONVERSION = YES;
				CLANG_WARN_COMMA = YES;
				CLANG_WARN_CONSTANT_CONVERSION = YES;
				CLANG_WARN_DEPRECATED_OBJC_IMPLEMENTATIONS = YES;
				CLANG_WARN_DIRECT_OBJC_ISA_USAGE = YES_ERROR;
				CLANG_WARN_DOCUMENTATION_COMMENTS = YES;
				CLANG_WARN_EMPTY_BODY = YES;
				CLANG_WARN_ENUM_CONVERSION = YES;
				CLANG_WARN_INFINITE_RECURSION = YES;
				CLANG_WARN_INT_CONVERSION = YES;
				CLANG_WARN_NON_LITERAL_NULL_CONVERSION = YES;
				CLANG_WARN_OBJC_IMPLICIT_RETAIN_SELF = YES;
				CLANG_WARN_OBJC_LITERAL_CONVERSION = YES;
				CLANG_WARN_OBJC_ROOT_CLASS = YES_ERROR;
				CLANG_WARN_QUOTED_INCLUDE_IN_FRAMEWORK_HEADER = YES;
				CLANG_WARN_RANGE_LOOP_ANALYSIS = YES;
				CLANG_WARN_STRICT_PROTOTYPES = YES;
				CLANG_WARN_SUSPICIOUS_MOVE = YES;
				CLANG_WARN_UNGUARDED_AVAILABILITY = YES_AGGRESSIVE;
				CLANG_WARN_UNREACHABLE_CODE = YES;
				CLANG_WARN__DUPLICATE_METHOD_MATCH = YES;
				COPY_PHASE_STRIP = NO;
				DEBUG_INFORMATION_FORMAT = dwarf;
				ENABLE_STRICT_OBJC_MSGSEND = YES;
				ENABLE_TESTABILITY = YES;
				GCC_C_LANGUAGE_STANDARD = gnu11;
				GCC_DYNAMIC_NO_PIC = NO;
				GCC_NO_COMMON_BLOCKS = YES;
				GCC_OPTIMIZATION_LEVEL = 0;
				GCC_PREPROCESSOR_DEFINITIONS = (
					"DEBUG=1",
					"$(inherited)",
				);
				GCC_WARN_64_TO_32_BIT_CONVERSION = YES;
				GCC_WARN_ABOUT_RETURN_TYPE = YES_ERROR;
				GCC_WARN_UNDECLARED_SELECTOR = YES;
				GCC_WARN_UNINITIALIZED_AUTOS = YES_AGGRESSIVE;
				GCC_WARN_UNUSED_FUNCTION = YES;
				GCC_WARN_UNUSED_VARIABLE = YES;
				IPHONEOS_DEPLOYMENT_TARGET = 16.4;
				MTL_ENABLE_DEBUG_INFO = INCLUDE_SOURCE;
				MTL_FAST_MATH = YES;
				ONLY_ACTIVE_ARCH = YES;
				SDKROOT = iphoneos;
				SWIFT_ACTIVE_COMPILATION_CONDITIONS = DEBUG;
				SWIFT_OPTIMIZATION_LEVEL = "-Onone";
			};
			name = Debug;
		};
		E5B6EF4F2A023D1E003C2D78 /* Release */ = {
			isa = XCBuildConfiguration;
			buildSettings = {
				ALWAYS_SEARCH_USER_PATHS = NO;
				CLANG_ANALYZER_NONNULL = YES;
				CLANG_ANALYZER_NUMBER_OBJECT_CONVERSION = YES_AGGRESSIVE;
				CLANG_CXX_LANGUAGE_STANDARD = "gnu++20";
				CLANG_ENABLE_MODULES = YES;
				CLANG_ENABLE_OBJC_ARC = YES;
				CLANG_ENABLE_OBJC_WEAK = YES;
				CLANG_WARN_BLOCK_CAPTURE_AUTORELEASING = YES;
				CLANG_WARN_BOOL_CONVERSION = YES;
				CLANG_WARN_COMMA = YES;
				CLANG_WARN_CONSTANT_CONVERSION = YES;
				CLANG_WARN_DEPRECATED_OBJC_IMPLEMENTATIONS = YES;
				CLANG_WARN_DIRECT_OBJC_ISA_USAGE = YES_ERROR;
				CLANG_WARN_DOCUMENTATION_COMMENTS = YES;
				CLANG_WARN_EMPTY_BODY = YES;
				CLANG_WARN_ENUM_CONVERSION = YES;
				CLANG_WARN_INFINITE_RECURSION = YES;
				CLANG_WARN_INT_CONVERSION = YES;
				CLANG_WARN_NON_LITERAL_NULL_CONVERSION = YES;
				CLANG_WARN_OBJC_IMPLICIT_RETAIN_SELF = YES;
				CLANG_WARN_OBJC_LITERAL_CONVERSION = YES;
				CLANG_WARN_OBJC_ROOT_CLASS = YES_ERROR;
				CLANG_WARN_QUOTED_INCLUDE_IN_FRAMEWORK_HEADER = YES;
				CLANG_WARN_RANGE_LOOP_ANALYSIS = YES;
				CLANG_WARN_STRICT_PROTOTYPES = YES;
				CLANG_WARN_SUSPICIOUS_MOVE = YES;
				CLANG_WARN_UNGUARDED_AVAILABILITY = YES_AGGRESSIVE;
				CLANG_WARN_UNREACHABLE_CODE = YES;
				CLANG_WARN__DUPLICATE_METHOD_MATCH = YES;
				COPY_PHASE_STRIP = NO;
				DEBUG_INFORMATION_FORMAT = "dwarf-with-dsym";
				ENABLE_NS_ASSERTIONS = NO;
				ENABLE_STRICT_OBJC_MSGSEND = YES;
				GCC_C_LANGUAGE_STANDARD = gnu11;
				GCC_NO_COMMON_BLOCKS = YES;
				GCC_WARN_64_TO_32_BIT_CONVERSION = YES;
				GCC_WARN_ABOUT_RETURN_TYPE = YES_ERROR;
				GCC_WARN_UNDECLARED_SELECTOR = YES;
				GCC_WARN_UNINITIALIZED_AUTOS = YES_AGGRESSIVE;
				GCC_WARN_UNUSED_FUNCTION = YES;
				GCC_WARN_UNUSED_VARIABLE = YES;
				IPHONEOS_DEPLOYMENT_TARGET = 16.4;
				MTL_ENABLE_DEBUG_INFO = NO;
				MTL_FAST_MATH = YES;
				SDKROOT = iphoneos;
				SWIFT_COMPILATION_MODE = wholemodule;
				SWIFT_OPTIMIZATION_LEVEL = "-O";
				VALIDATE_PRODUCT = YES;
			};
			name = Release;
		};
		E5B6EF512A023D1E003C2D78 /* Debug */ = {
			isa = XCBuildConfiguration;
			buildSettings = {
				ASSETCATALOG_COMPILER_APPICON_NAME = AppIcon;
				ASSETCATALOG_COMPILER_GLOBAL_ACCENT_COLOR_NAME = AccentColor;
				CODE_SIGN_STYLE = Automatic;
				CURRENT_PROJECT_VERSION = 1;
				DEVELOPMENT_TEAM = 2FX323KNBX;
				GENERATE_INFOPLIST_FILE = YES;
				INFOPLIST_FILE = test2/Info.plist;
				INFOPLIST_KEY_UIApplicationSupportsIndirectInputEvents = YES;
				INFOPLIST_KEY_UILaunchStoryboardName = LaunchScreen;
				INFOPLIST_KEY_UIMainStoryboardFile = Main;
				INFOPLIST_KEY_UISupportedInterfaceOrientations_iPad = "UIInterfaceOrientationPortrait UIInterfaceOrientationPortraitUpsideDown UIInterfaceOrientationLandscapeLeft UIInterfaceOrientationLandscapeRight";
				INFOPLIST_KEY_UISupportedInterfaceOrientations_iPhone = "UIInterfaceOrientationPortrait UIInterfaceOrientationLandscapeLeft UIInterfaceOrientationLandscapeRight";
				LD_RUNPATH_SEARCH_PATHS = (
					"$(inherited)",
					"@executable_path/Frameworks",
				);
				MARKETING_VERSION = 1.0;
				PRODUCT_BUNDLE_IDENTIFIER = "Xcode-Tutorial-Demo4.test2";
				PRODUCT_NAME = "$(TARGET_NAME)";
				SWIFT_EMIT_LOC_STRINGS = YES;
				SWIFT_VERSION = 5.0;
				TARGETED_DEVICE_FAMILY = "1,2";
			};
			name = Debug;
		};
		E5B6EF522A023D1E003C2D78 /* Release */ = {
			isa = XCBuildConfiguration;
			buildSettings = {
				ASSETCATALOG_COMPILER_APPICON_NAME = AppIcon;
				ASSETCATALOG_COMPILER_GLOBAL_ACCENT_COLOR_NAME = AccentColor;
				CODE_SIGN_STYLE = Automatic;
				CURRENT_PROJECT_VERSION = 1;
				DEVELOPMENT_TEAM = 2FX323KNBX;
				GENERATE_INFOPLIST_FILE = YES;
				INFOPLIST_FILE = test2/Info.plist;
				INFOPLIST_KEY_UIApplicationSupportsIndirectInputEvents = YES;
				INFOPLIST_KEY_UILaunchStoryboardName = LaunchScreen;
				INFOPLIST_KEY_UIMainStoryboardFile = Main;
				INFOPLIST_KEY_UISupportedInterfaceOrientations_iPad = "UIInterfaceOrientationPortrait UIInterfaceOrientationPortraitUpsideDown UIInterfaceOrientationLandscapeLeft UIInterfaceOrientationLandscapeRight";
				INFOPLIST_KEY_UISupportedInterfaceOrientations_iPhone = "UIInterfaceOrientationPortrait UIInterfaceOrientationLandscapeLeft UIInterfaceOrientationLandscapeRight";
				LD_RUNPATH_SEARCH_PATHS = (
					"$(inherited)",
					"@executable_path/Frameworks",
				);
				MARKETING_VERSION = 1.0;
				PRODUCT_BUNDLE_IDENTIFIER = "Xcode-Tutorial-Demo4.test2";
				PRODUCT_NAME = "$(TARGET_NAME)";
				SWIFT_EMIT_LOC_STRINGS = YES;
				SWIFT_VERSION = 5.0;
				TARGETED_DEVICE_FAMILY = "1,2";
			};
			name = Release;
		};
/* End XCBuildConfiguration section */

/* Begin XCConfigurationList section */
		E5B6EF372A023D1C003C2D78 /* Build configuration list for PBXProject "test2" */ = {
			isa = XCConfigurationList;
			buildConfigurations = (
				E5B6EF4E2A023D1E003C2D78 /* Debug */,
				E5B6EF4F2A023D1E003C2D78 /* Release */,
			);
			defaultConfigurationIsVisible = 0;
			defaultConfigurationName = Release;
		};
		E5B6EF502A023D1E003C2D78 /* Build configuration list for PBXNativeTarget "test2" */ = {
			isa = XCConfigurationList;
			buildConfigurations = (
				E5B6EF512A023D1E003C2D78 /* Debug */,
				E5B6EF522A023D1E003C2D78 /* Release */,
			);
			defaultConfigurationIsVisible = 0;
			defaultConfigurationName = Release;
		};
/* End XCConfigurationList section */
	};
	rootObject = E5B6EF342A023D1C003C2D78 /* Project object */;
}
